
Microsoft Visual Studio Solution File, Format Version 12.00
# Visual Studio Version 17
VisualStudioVersion = 17.14.37411.7
MinimumVisualStudioVersion = 10.0.40219.1
Project("{FAE04EC0-301F-11D3-BF4B-00C04F79EFBC}") = "E-Commerce.Domain", "E-ommerce.Domain\E-Commerce.Domain.csproj", "{FE47DD5F-265F-4344-B680-D94AF965A1B1}"
EndProject
Project("{FAE04EC0-301F-11D3-BF4B-00C04F79EFBC}") = "E-Commerce.Infrastructure", "E-Commerce.Infrastructure\E-Commerce.Infrastructure.csproj", "{A8FA90A7-6642-4C18-BB46-C69E432A2878}"
EndProject
Project("{FAE04EC0-301F-11D3-BF4B-00C04F79EFBC}") = "E-Commerce.Application", "E-Commerce.Application\E-Commerce.Application.csproj", "{011A377E-66ED-47D6-9B32-03D828E97904}"
EndProject
Project("{FAE04EC0-301F-11D3-BF4B-00C04F79EFBC}") = "E-Commerce.API", "E-Commerce.API\E-Commerce.API.csproj", "{83F11239-17F9-41E4-9922-E8346CAB78AF}"
EndProject
Global
	GlobalSection(SolutionConfigurationPlatforms) = preSolution
		Debug|Any CPU = Debug|Any CPU
		Release|Any CPU = Release|Any CPU
	EndGlobalSection
	GlobalSection(ProjectConfigurationPlatforms) = postSolution
		{FE47DD5F-265F-4344-B680-D94AF965A1B1}.Debug|Any CPU.ActiveCfg = Debug|Any CPU
		{FE47DD5F-265F-4344-B680-D94AF965A1B1}.Debug|Any CPU.Build.0 = Debug|Any CPU
		{FE47DD5F-265F-4344-B680-D94AF965A1B1}.Release|Any CPU.ActiveCfg = Release|Any CPU
		{FE47DD5F-265F-4344-B680-D94AF965A1B1}.Release|Any CPU.Build.0 = Release|Any CPU
		{A8FA90A7-6642-4C18-BB46-C69E432A2878}.Debug|Any CPU.ActiveCfg = Debug|Any CPU
		{A8FA90A7-6642-4C18-BB46-C69E432A2878}.Debug|Any CPU.Build.0 = Debug|Any CPU
		{A8FA90A7-6642-4C18-BB46-C69E432A2878}.Release|Any CPU.ActiveCfg = Release|Any CPU
		{A8FA90A7-6642-4C18-BB46-C69E432A2878}.Release|Any CPU.Build.0 = Release|Any CPU
		{011A377E-66ED-47D6-9B32-03D828E97904}.Debug|Any CPU.ActiveCfg = Debug|Any CPU
		{011A377E-66ED-47D6-9B32-03D828E97904}.Debug|Any CPU.Build.0 = Debug|Any CPU
		{011A377E-66ED-47D6-9B32-03D828E97904}.Release|Any CPU.ActiveCfg = Release|Any CPU
		{011A377E-66ED-47D6-9B32-03D828E97904}.Release|Any CPU.Build.0 = Release|Any CPU
		{83F11239-17F9-41E4-9922-E8346CAB78AF}.Debug|Any CPU.ActiveCfg = Debug|Any CPU
		{83F11239-17F9-41E4-9922-E8346CAB78AF}.Debug|Any CPU.Build.0 = Debug|Any CPU
		{83F11239-17F9-41E4-9922-E8346CAB78AF}.Release|Any CPU.ActiveCfg = Release|Any CPU
		{83F11239-17F9-41E4-9922-E8346CAB78AF}.Release|Any CPU.Build.0 = Release|Any CPU
	EndGlobalSection
	GlobalSection(SolutionProperties) = preSolution
		HideSolutionNode = FALSE
	EndGlobalSection
	GlobalSection(ExtensibilityGlobals) = postSolution
		SolutionGuid = {F63419DE-F9D7-4D95-8BAF-52DB71AFA897}
	EndGlobalSection
EndGlobal
